Microsoft Visual Studio Solution File, Format Version 12.00
# Visual Studio Version 17
VisualStudioVersion = 17.2.32616.157
MinimumVisualStudioVersion = 10.0.40219.1
Project("{9A19103F-16F7-4668-BE54-9A1E7A4F7556}") = "ERPAGApi.Core", "ERPAGApi.Core\ERPAGApi.Core.csproj", "{28721B0F-C50F-4BE2-AE1B-5909CCEB19C8}"
EndProject
Project("{FAE04EC0-301F-11D3-BF4B-00C04F79EFBC}") = "ERPAGApi.Client", "examples\ERPAGApi.Client\ERPAGApi.Client.csproj", "{2D41EDE9-A62B-4C57-B866-C7C190D8604B}"
EndProject
Global
	GlobalSection(SolutionConfigurationPlatforms) = preSolution
		Debug|Any CPU = Debug|Any CPU
		Release|Any CPU = Release|Any CPU
	EndGlobalSection
	GlobalSection(ProjectConfigurationPlatforms) = postSolution
		{28721B0F-C50F-4BE2-AE1B-5909CCEB19C8}.Debug|Any CPU.ActiveCfg = Debug|Any CPU
		{28721B0F-C50F-4BE2-AE1B-5909CCEB19C8}.Debug|Any CPU.Build.0 = Debug|Any CPU
		{28721B0F-C50F-4BE2-AE1B-5909CCEB19C8}.Release|Any CPU.ActiveCfg = Release|Any CPU
		{28721B0F-C50F-4BE2-AE1B-5909CCEB19C8}.Release|Any CPU.Build.0 = Release|Any CPU
		{2D41EDE9-A62B-4C57-B866-C7C190D8604B}.Debug|Any CPU.ActiveCfg = Debug|Any CPU
		{2D41EDE9-A62B-4C57-B866-C7C190D8604B}.Debug|Any CPU.Build.0 = Debug|Any CPU
		{2D41EDE9-A62B-4C57-B866-C7C190D8604B}.Release|Any CPU.ActiveCfg = Release|Any CPU
		{2D41EDE9-A62B-4C57-B866-C7C190D8604B}.Release|Any CPU.Build.0 = Release|Any CPU
	EndGlobalSection
	GlobalSection(SolutionProperties) = preSolution
		HideSolutionNode = FALSE
	EndGlobalSection
	GlobalSection(ExtensibilityGlobals) = postSolution
		SolutionGuid = {708B9A66-5302-441C-BC55-54DE48B80873}
	EndGlobalSection
EndGlobal
